
Microsoft Visual Studio Solution File, Format Version 12.00
# Visual Studio 14
VisualStudioVersion = 14.0.25420.1
MinimumVisualStudioVersion = 10.0.40219.1
Project("{FAE04EC0-301F-11D3-BF4B-00C04F79EFBC}") = "BAChallengeWebServices", "BAChallengeWebServices\BAChallengeWebServices.csproj", "{0C205236-D1DF-47EA-814C-735DE013577F}"
EndProject
Project("{FAE04EC0-301F-11D3-BF4B-00C04F79EFBC}") = "BAChallengeWebServices.Tests", "BAChallengeWebServices.Tests\BAChallengeWebServices.Tests.csproj", "{D2A7026C-4B6C-450E-9BEE-0EA4F8E00DBF}"
EndProject
Global
	GlobalSection(SolutionConfigurationPlatforms) = preSolution
		Debug|Any CPU = Debug|Any CPU
		Release|Any CPU = Release|Any CPU
	EndGlobalSection
	GlobalSection(ProjectConfigurationPlatforms) = postSolution
		{0C205236-D1DF-47EA-814C-735DE013577F}.Debug|Any CPU.ActiveCfg = Debug|Any CPU
		{0C205236-D1DF-47EA-814C-735DE013577F}.Debug|Any CPU.Build.0 = Debug|Any CPU
		{0C205236-D1DF-47EA-814C-735DE013577F}.Release|Any CPU.ActiveCfg = Release|Any CPU
		{0C205236-D1DF-47EA-814C-735DE013577F}.Release|Any CPU.Build.0 = Release|Any CPU
		{D2A7026C-4B6C-450E-9BEE-0EA4F8E00DBF}.Debug|Any CPU.ActiveCfg = Debug|Any CPU
		{D2A7026C-4B6C-450E-9BEE-0EA4F8E00DBF}.Debug|Any CPU.Build.0 = Debug|Any CPU
		{D2A7026C-4B6C-450E-9BEE-0EA4F8E00DBF}.Release|Any CPU.ActiveCfg = Release|Any CPU
		{D2A7026C-4B6C-450E-9BEE-0EA4F8E00DBF}.Release|Any CPU.Build.0 = Release|Any CPU
	EndGlobalSection
	GlobalSection(SolutionProperties) = preSolution
		HideSolutionNode = FALSE
	EndGlobalSection
EndGlobal
